
Microsoft Visual Studio Solution File, Format Version 12.00
Project("{FAE04EC0-301F-11D3-BF4B-00C04F79EFBC}") = "lab4_18", "lab4_18\lab4_18.csproj", "{287B5018-EB7C-4BE2-A39C-1D007EECFA22}"
EndProject
Global
	GlobalSection(SolutionConfigurationPlatforms) = preSolution
		Debug|Any CPU = Debug|Any CPU
		Release|Any CPU = Release|Any CPU
	EndGlobalSection
	GlobalSection(ProjectConfigurationPlatforms) = postSolution
		{287B5018-EB7C-4BE2-A39C-1D007EECFA22}.Debug|Any CPU.ActiveCfg = Debug|Any CPU
		{287B5018-EB7C-4BE2-A39C-1D007EECFA22}.Debug|Any CPU.Build.0 = Debug|Any CPU
		{287B5018-EB7C-4BE2-A39C-1D007EECFA22}.Release|Any CPU.ActiveCfg = Release|Any CPU
		{287B5018-EB7C-4BE2-A39C-1D007EECFA22}.Release|Any CPU.Build.0 = Release|Any CPU
	EndGlobalSection
EndGlobal
